
Microsoft Visual Studio Solution File, Format Version 12.00
# Visual Studio Version 17
VisualStudioVersion = 17.1.32421.90
MinimumVisualStudioVersion = 10.0.40219.1
Project("{FAE04EC0-301F-11D3-BF4B-00C04F79EFBC}") = "DatatGridview", "DatatGridview\DatatGridview.csproj", "{48F6CF7D-FBBF-4EF0-AFAC-7561F0D02FB3}"
EndProject
Global
	GlobalSection(SolutionConfigurationPlatforms) = preSolution
		Debug|Any CPU = Debug|Any CPU
		Release|Any CPU = Release|Any CPU
	EndGlobalSection
	GlobalSection(ProjectConfigurationPlatforms) = postSolution
		{48F6CF7D-FBBF-4EF0-AFAC-7561F0D02FB3}.Debug|Any CPU.ActiveCfg = Debug|Any CPU
		{48F6CF7D-FBBF-4EF0-AFAC-7561F0D02FB3}.Debug|Any CPU.Build.0 = Debug|Any CPU
		{48F6CF7D-FBBF-4EF0-AFAC-7561F0D02FB3}.Release|Any CPU.ActiveCfg = Release|Any CPU
		{48F6CF7D-FBBF-4EF0-AFAC-7561F0D02FB3}.Release|Any CPU.Build.0 = Release|Any CPU
	EndGlobalSection
	GlobalSection(SolutionProperties) = preSolution
		HideSolutionNode = FALSE
	EndGlobalSection
	GlobalSection(ExtensibilityGlobals) = postSolution
		SolutionGuid = {F98D230F-E47C-46EF-A9F8-C7020F70DFCB}
	EndGlobalSection
EndGlobal
